
Microsoft Visual Studio Solution File, Format Version 12.00
# Visual Studio Version 17
VisualStudioVersion = 17.13.35806.99 d17.13
MinimumVisualStudioVersion = 10.0.40219.1
Project("{FAE04EC0-301F-11D3-BF4B-00C04F79EFBC}") = "OnlineAlisverisPlatformu.Data", "OnlineAlisverisPlatformu.Data\OnlineAlisverisPlatformu.Data.csproj", "{7781FF8C-DEC8-438D-B287-DCB1436D5049}"
EndProject
Project("{FAE04EC0-301F-11D3-BF4B-00C04F79EFBC}") = "OnlineAlisverisPlatformu.Business", "OnlineAlisverisPlatformu.Business\OnlineAlisverisPlatformu.Business.csproj", "{19C677C4-1DA4-40C8-9305-3A77D7548A9F}"
EndProject
Project("{FAE04EC0-301F-11D3-BF4B-00C04F79EFBC}") = "OnlineAlisverisPlatformu.WebApi", "OnlineAlisverisPlatformu.WebApi\OnlineAlisverisPlatformu.WebApi.csproj", "{72A3D34E-C3DA-4A10-B1A5-B9D741E8BAB9}"
EndProject
Global
	GlobalSection(SolutionConfigurationPlatforms) = preSolution
		Debug|Any CPU = Debug|Any CPU
		Release|Any CPU = Release|Any CPU
	EndGlobalSection
	GlobalSection(ProjectConfigurationPlatforms) = postSolution
		{7781FF8C-DEC8-438D-B287-DCB1436D5049}.Debug|Any CPU.ActiveCfg = Debug|Any CPU
		{7781FF8C-DEC8-438D-B287-DCB1436D5049}.Debug|Any CPU.Build.0 = Debug|Any CPU
		{7781FF8C-DEC8-438D-B287-DCB1436D5049}.Release|Any CPU.ActiveCfg = Release|Any CPU
		{7781FF8C-DEC8-438D-B287-DCB1436D5049}.Release|Any CPU.Build.0 = Release|Any CPU
		{19C677C4-1DA4-40C8-9305-3A77D7548A9F}.Debug|Any CPU.ActiveCfg = Debug|Any CPU
		{19C677C4-1DA4-40C8-9305-3A77D7548A9F}.Debug|Any CPU.Build.0 = Debug|Any CPU
		{19C677C4-1DA4-40C8-9305-3A77D7548A9F}.Release|Any CPU.ActiveCfg = Release|Any CPU
		{19C677C4-1DA4-40C8-9305-3A77D7548A9F}.Release|Any CPU.Build.0 = Release|Any CPU
		{72A3D34E-C3DA-4A10-B1A5-B9D741E8BAB9}.Debug|Any CPU.ActiveCfg = Debug|Any CPU
		{72A3D34E-C3DA-4A10-B1A5-B9D741E8BAB9}.Debug|Any CPU.Build.0 = Debug|Any CPU
		{72A3D34E-C3DA-4A10-B1A5-B9D741E8BAB9}.Release|Any CPU.ActiveCfg = Release|Any CPU
		{72A3D34E-C3DA-4A10-B1A5-B9D741E8BAB9}.Release|Any CPU.Build.0 = Release|Any CPU
	EndGlobalSection
	GlobalSection(SolutionProperties) = preSolution
		HideSolutionNode = FALSE
	EndGlobalSection
	GlobalSection(ExtensibilityGlobals) = postSolution
		SolutionGuid = {75EBAA3A-3A6C-4C11-A3CE-FC6AF1CC586F}
	EndGlobalSection
EndGlobal
